github.com/goccy/go-json v0.10.2 h1:CrxCmQqYDkv1z7lO7Wbh2HN93uovUHgrECaO5ZrCXAU=
github.com/goccy/go-json v0.10.2/go.mod h1:6MelG93GURQebXPDq3khkgXZkazVtN9CRI+MGFi0w8I=
gitlab.com/demo-pkg/subgroup/postman.git v0.0.3 h1:5/hJbDyFrZ8O2QUsndHhxgvoCsBHmFpx32f1JoWyomU=
gitlab.com/demo-pkg/subgroup/postman.git v0.0.3/go.mod h1:l0v+UpkSP+fg7NzTZIHowIdIXPz+3zgjK8jYClbMaAA=
